{
  "name": "bug-renovate-peer-dep",
  "version": "0.0.1",
  "lockfileVersion": 3,
  "requires": true,
  "packages": {
    "": {
      "name": "bug-renovate-peer-dep",
      "version": "0.0.1",
      "license": "MIT",
      "devDependencies": {
        "@snowcoders/renovate-config": "2.0.3",
        "typescript": "5.5.2"
      },
      "peerDependencies": {
        "typescript": "4.7 || 4.9 || 5.0 || 5.1 || 5.2 || 5.3 || 5.4 || 5.5"
      }
    },
    "node_modules/@snowcoders/renovate-config": {
      "version": "2.0.3",
      "resolved": "https://registry.npmjs.org/@snowcoders/renovate-config/-/renovate-config-2.0.3.tgz",
      "integrity": "sha512-2HdVYr9I0bwa/voRDb/F2p2qSEArN4Sezdb/auZtzILXxJZz7BFnkjvXFfrV8R+pF0kCEkVRal+9YMpJk2DyOw==",
      "dev": true,
      "dependencies": {
        "exec-if-exists": "^3.0.0"
      }
    },
    "node_modules/exec-if-exists": {
      "version": "3.0.2",
      "resolved": "https://registry.npmjs.org/exec-if-exists/-/exec-if-exists-3.0.2.tgz",
      "integrity": "sha512-bK1OF4IHjV20vFl9p0vXvA2OOX//e0lGSantsLPhpMbTps8G23YQH66tukgTBUJcC+s81JgpjXimq4SfHmxQPQ==",
      "dev": true,
      "bin": {
        "exec-if-exists": "dist/cli.js"
      }
    },
    "node_modules/typescript": {
      "version": "5.5.2",
      "resolved": "https://registry.npmjs.org/typescript/-/typescript-5.5.2.tgz",
      "integrity": "sha512-NcRtPEOsPFFWjobJEtfihkLCZCXZt/os3zf8nTxjVH3RvTSxjrCamJpbExGvYOF+tFHc3pA65qpdwPbzjohhew==",
      "dev": true,
      "license": "Apache-2.0",
      "bin": {
        "tsc": "bin/tsc",
        "tsserver": "bin/tsserver"
      },
      "engines": {
        "node": ">=14.17"
      }
    }
  }
}
