{
  "name": "bug-renovate-peer-dep",
  "version": "0.0.1",
  "lockfileVersion": 1,
  "requires": true,
  "dependencies": {
    "@snowcoders/renovate-config": {
      "version": "2.0.3",
      "resolved": "https://registry.npmjs.org/@snowcoders/renovate-config/-/renovate-config-2.0.3.tgz",
      "integrity": "sha512-2HdVYr9I0bwa/voRDb/F2p2qSEArN4Sezdb/auZtzILXxJZz7BFnkjvXFfrV8R+pF0kCEkVRal+9YMpJk2DyOw==",
      "dev": true,
      "requires": {
        "exec-if-exists": "^3.0.0"
      }
    },
    "exec-if-exists": {
      "version": "3.0.2",
      "resolved": "https://registry.npmjs.org/exec-if-exists/-/exec-if-exists-3.0.2.tgz",
      "integrity": "sha512-bK1OF4IHjV20vFl9p0vXvA2OOX//e0lGSantsLPhpMbTps8G23YQH66tukgTBUJcC+s81JgpjXimq4SfHmxQPQ==",
      "dev": true
    },
    "typescript": {
      "version": "4.7.4",
      "resolved": "https://registry.npmjs.org/typescript/-/typescript-4.7.4.tgz",
      "integrity": "sha512-C0WQT0gezHuw6AdY1M2jxUO83Rjf0HP7Sk1DtXj6j1EwkQNZrHAg2XPWlq62oqEhYvONq5pkC2Y9oPljWToLmQ==",
      "dev": true
    }
  }
}
